{
    "_meta": {
        "hash": {
            "sha256": "75222c942bd37963d75832e8685217fd5932a027ec8b92a143f86ac28fbb5cc2"
        },
        "pipfile-spec": 6,
        "requires": {
            "python_full_version": "3.13.0",
            "python_version": "3.13"
        },
        "sources": [
            {
                "name": "pypi",
                "url": "https://pypi.org/simple",
                "verify_ssl": true
            }
        ]
    },
    "default": {
        "asgiref": {
            "hashes": [
                "sha256:3e1e3ecc849832fe52ccf2cb6686b7a55f82bb1d6aee72a58826471390335e47",
                "sha256:c343bd80a0bec947a9860adb4c432ffa7db769836c64238fc34bdc3fec84d590"
            ],
            "markers": "python_version >= '3.8'",
            "version": "==3.8.1"
        },
        "django": {
            "hashes": [
                "sha256:bd7376f90c99f96b643722eee676498706c9fd7dc759f55ebfaf2c08ebcdf4f0",
                "sha256:f11aa87ad8d5617171e3f77e1d5d16f004b79a2cf5d2e1d2b97a6a1f8e9ba5ed"
            ],
            "index": "pypi",
            "markers": "python_version >= '3.10'",
            "version": "==5.1.2"
        },
        "django-environ": {
            "hashes": [
                "sha256:0ff95ab4344bfeff693836aa978e6840abef2e2f1145adff7735892711590c05",
                "sha256:f32a87aa0899894c27d4e1776fa6b477e8164ed7f6b3e410a62a6d72caaf64be"
            ],
            "index": "pypi",
            "markers": "python_version >= '3.6' and python_version < '4'",
            "version": "==0.11.2"
        },
        "django-htmx": {
            "hashes": [
                "sha256:6a97ff0256a247a2c20c85c1f81358fa0c9650af52e6064cb6664ae8619c9294",
                "sha256:e36c0e0cfe53572674f0f885b7bd1d1281088cf3f8a803566ddf3e90d9b69fce"
            ],
            "index": "pypi",
            "markers": "python_version >= '3.9'",
            "version": "==1.20.0"
        },
        "django-render-block": {
            "hashes": [
                "sha256:23fbc9cfed17aac47e936e65f0c29ae186765a41234cdc8dbf88d4a9377fdd76",
                "sha256:4deeec70a360aa90385443aeae1213ffb2acbfe2b5fb09d4afe47e75a29240c3"
            ],
            "index": "pypi",
            "markers": "python_version >= '3.8'",
            "version": "==0.10"
        },
        "django-widget-tweaks": {
            "hashes": [
                "sha256:1c2180681ebb994e922c754804c7ffebbe1245014777ac47897a81f57cc629c7",
                "sha256:a41b7b2f05bd44d673d11ebd6c09a96f1d013ee98121cb98c384fe84e33b881e"
            ],
            "index": "pypi",
            "markers": "python_version >= '3.8'",
            "version": "==1.5.0"
        },
        "sqlparse": {
            "hashes": [
                "sha256:773dcbf9a5ab44a090f3441e2180efe2560220203dc2f8c0b0fa141e18b505e4",
                "sha256:bb6b4df465655ef332548e24f08e205afc81b9ab86cb1c45657a7ff173a3a00e"
            ],
            "markers": "python_version >= '3.8'",
            "version": "==0.5.1"
        },
        "tzdata": {
            "hashes": [
                "sha256:7d85cc416e9382e69095b7bdf4afd9e3880418a2413feec7069d533d6b4e31cc",
                "sha256:a48093786cdcde33cad18c2555e8532f34422074448fbc874186f0abd79565cd"
            ],
            "markers": "sys_platform == 'win32'",
            "version": "==2024.2"
        }
    },
    "develop": {}
}
